
Microsoft Visual Studio Solution File, Format Version 12.00
# Visual Studio Version 17
VisualStudioVersion = 17.10.35027.167
MinimumVisualStudioVersion = 10.0.40219.1
Project("{9A19103F-16F7-4668-BE54-9A1E7A4F7556}") = "InsideChallenge", "InsideChallenge.csproj", "{AC00EDC3-859F-436A-A64C-AAAA64F4183F}"
EndProject
Project("{FAE04EC0-301F-11D3-BF4B-00C04F79EFBC}") = "InsideChallengeUnitTests", "..\InsideChallengeUnitTests\InsideChallengeUnitTests.csproj", "{A4AE63F4-34E4-4C56-9187-E3BFD9938A29}"
EndProject
Global
	GlobalSection(SolutionConfigurationPlatforms) = preSolution
		Debug|Any CPU = Debug|Any CPU
		Release|Any CPU = Release|Any CPU
	EndGlobalSection
	GlobalSection(ProjectConfigurationPlatforms) = postSolution
		{AC00EDC3-859F-436A-A64C-AAAA64F4183F}.Debug|Any CPU.ActiveCfg = Debug|Any CPU
		{AC00EDC3-859F-436A-A64C-AAAA64F4183F}.Debug|Any CPU.Build.0 = Debug|Any CPU
		{AC00EDC3-859F-436A-A64C-AAAA64F4183F}.Release|Any CPU.ActiveCfg = Release|Any CPU
		{AC00EDC3-859F-436A-A64C-AAAA64F4183F}.Release|Any CPU.Build.0 = Release|Any CPU
		{A4AE63F4-34E4-4C56-9187-E3BFD9938A29}.Debug|Any CPU.ActiveCfg = Debug|Any CPU
		{A4AE63F4-34E4-4C56-9187-E3BFD9938A29}.Debug|Any CPU.Build.0 = Debug|Any CPU
		{A4AE63F4-34E4-4C56-9187-E3BFD9938A29}.Release|Any CPU.ActiveCfg = Release|Any CPU
		{A4AE63F4-34E4-4C56-9187-E3BFD9938A29}.Release|Any CPU.Build.0 = Release|Any CPU
	EndGlobalSection
	GlobalSection(SolutionProperties) = preSolution
		HideSolutionNode = FALSE
	EndGlobalSection
	GlobalSection(ExtensibilityGlobals) = postSolution
		SolutionGuid = {711E7F64-BB0F-484C-B716-D37ECA5B0AEF}
	EndGlobalSection
EndGlobal
